{
    "compile": {
        "org.shipkit:shipkit": {
            "locked": "2.0.21",
            "requested": "2.+"
        }
    },
    "compileClasspath": {
        "org.shipkit:shipkit": {
            "locked": "2.0.21",
            "requested": "2.+"
        }
    },
    "default": {
        "com.diffplug.spotless:spotless-plugin-gradle": {
            "locked": "3.10.0",
            "requested": "+"
        },
        "com.netflix.nebula:gradle-dependency-lock-plugin": {
            "locked": "5.0.4",
            "requested": "+"
        },
        "gradle.plugin.com.energizedwork:idea-gradle-plugins": {
            "locked": "1.4",
            "requested": "+"
        },
        "gradle.plugin.com.palantir.configurationresolver:gradle-configuration-resolver-plugin": {
            "locked": "0.2.0",
            "requested": "0.2.0"
        },
        "org.ajoberstar:gradle-git-publish": {
            "locked": "0.4.0",
            "requested": "+"
        },
        "org.ajoberstar:grgit": {
            "locked": "2.2.0",
            "requested": "+"
        },
        "org.shipkit:shipkit": {
            "locked": "2.0.21",
            "requested": "2.+"
        }
    },
    "runtime": {
        "com.diffplug.spotless:spotless-plugin-gradle": {
            "locked": "3.10.0",
            "requested": "+"
        },
        "com.netflix.nebula:gradle-dependency-lock-plugin": {
            "locked": "5.0.4",
            "requested": "+"
        },
        "gradle.plugin.com.energizedwork:idea-gradle-plugins": {
            "locked": "1.4",
            "requested": "+"
        },
        "gradle.plugin.com.palantir.configurationresolver:gradle-configuration-resolver-plugin": {
            "locked": "0.2.0",
            "requested": "0.2.0"
        },
        "org.ajoberstar:gradle-git-publish": {
            "locked": "0.4.0",
            "requested": "+"
        },
        "org.ajoberstar:grgit": {
            "locked": "2.2.0",
            "requested": "+"
        },
        "org.shipkit:shipkit": {
            "locked": "2.0.21",
            "requested": "2.+"
        }
    },
    "runtimeClasspath": {
        "com.diffplug.spotless:spotless-plugin-gradle": {
            "locked": "3.10.0",
            "requested": "+"
        },
        "com.netflix.nebula:gradle-dependency-lock-plugin": {
            "locked": "5.0.4",
            "requested": "+"
        },
        "gradle.plugin.com.energizedwork:idea-gradle-plugins": {
            "locked": "1.4",
            "requested": "+"
        },
        "gradle.plugin.com.palantir.configurationresolver:gradle-configuration-resolver-plugin": {
            "locked": "0.2.0",
            "requested": "0.2.0"
        },
        "org.ajoberstar:gradle-git-publish": {
            "locked": "0.4.0",
            "requested": "+"
        },
        "org.ajoberstar:grgit": {
            "locked": "2.2.0",
            "requested": "+"
        },
        "org.shipkit:shipkit": {
            "locked": "2.0.21",
            "requested": "2.+"
        }
    },
    "testCompile": {
        "org.shipkit:shipkit": {
            "locked": "2.0.21",
            "requested": "2.+"
        }
    },
    "testCompileClasspath": {
        "org.shipkit:shipkit": {
            "locked": "2.0.21",
            "requested": "2.+"
        }
    },
    "testRuntime": {
        "com.diffplug.spotless:spotless-plugin-gradle": {
            "locked": "3.10.0",
            "requested": "+"
        },
        "com.netflix.nebula:gradle-dependency-lock-plugin": {
            "locked": "5.0.4",
            "requested": "+"
        },
        "gradle.plugin.com.energizedwork:idea-gradle-plugins": {
            "locked": "1.4",
            "requested": "+"
        },
        "gradle.plugin.com.palantir.configurationresolver:gradle-configuration-resolver-plugin": {
            "locked": "0.2.0",
            "requested": "0.2.0"
        },
        "org.ajoberstar:gradle-git-publish": {
            "locked": "0.4.0",
            "requested": "+"
        },
        "org.ajoberstar:grgit": {
            "locked": "2.2.0",
            "requested": "+"
        },
        "org.shipkit:shipkit": {
            "locked": "2.0.21",
            "requested": "2.+"
        }
    },
    "testRuntimeClasspath": {
        "com.diffplug.spotless:spotless-plugin-gradle": {
            "locked": "3.10.0",
            "requested": "+"
        },
        "com.netflix.nebula:gradle-dependency-lock-plugin": {
            "locked": "5.0.4",
            "requested": "+"
        },
        "gradle.plugin.com.energizedwork:idea-gradle-plugins": {
            "locked": "1.4",
            "requested": "+"
        },
        "gradle.plugin.com.palantir.configurationresolver:gradle-configuration-resolver-plugin": {
            "locked": "0.2.0",
            "requested": "0.2.0"
        },
        "org.ajoberstar:gradle-git-publish": {
            "locked": "0.4.0",
            "requested": "+"
        },
        "org.ajoberstar:grgit": {
            "locked": "2.2.0",
            "requested": "+"
        },
        "org.shipkit:shipkit": {
            "locked": "2.0.21",
            "requested": "2.+"
        }
    }
}